
Microsoft Visual Studio Solution File, Format Version 12.00
# Visual Studio 2012
Project("{FAE04EC0-301F-11D3-BF4B-00C04F79EFBC}") = "LDAPLibrary", "LDAPLibrary\LDAPLibrary.csproj", "{A31E343A-C1DA-40A1-9BFA-2200D892E83D}"
EndProject
Project("{FAE04EC0-301F-11D3-BF4B-00C04F79EFBC}") = "LDAP Library UnitTest", "LDAP Library UnitTest\LDAP Library UnitTest.csproj", "{2C87EE7A-B569-49E1-860F-55B49BC755DA}"
EndProject
Project("{FAE04EC0-301F-11D3-BF4B-00C04F79EFBC}") = "GUI_LDAPUnitTest", "GUI_LDAPUnitTest\GUI_LDAPUnitTest.csproj", "{62F5E637-3C0D-406A-A3A1-03F09244C8A5}"
EndProject
Global
	GlobalSection(SolutionConfigurationPlatforms) = preSolution
		Debug|Any CPU = Debug|Any CPU
		Release|Any CPU = Release|Any CPU
	EndGlobalSection
	GlobalSection(ProjectConfigurationPlatforms) = postSolution
		{A31E343A-C1DA-40A1-9BFA-2200D892E83D}.Debug|Any CPU.ActiveCfg = Debug|Any CPU
		{A31E343A-C1DA-40A1-9BFA-2200D892E83D}.Debug|Any CPU.Build.0 = Debug|Any CPU
		{A31E343A-C1DA-40A1-9BFA-2200D892E83D}.Release|Any CPU.ActiveCfg = Release|Any CPU
		{A31E343A-C1DA-40A1-9BFA-2200D892E83D}.Release|Any CPU.Build.0 = Release|Any CPU
		{2C87EE7A-B569-49E1-860F-55B49BC755DA}.Debug|Any CPU.ActiveCfg = Debug|Any CPU
		{2C87EE7A-B569-49E1-860F-55B49BC755DA}.Debug|Any CPU.Build.0 = Debug|Any CPU
		{2C87EE7A-B569-49E1-860F-55B49BC755DA}.Release|Any CPU.ActiveCfg = Release|Any CPU
		{2C87EE7A-B569-49E1-860F-55B49BC755DA}.Release|Any CPU.Build.0 = Release|Any CPU
		{62F5E637-3C0D-406A-A3A1-03F09244C8A5}.Debug|Any CPU.ActiveCfg = Debug|Any CPU
		{62F5E637-3C0D-406A-A3A1-03F09244C8A5}.Debug|Any CPU.Build.0 = Debug|Any CPU
		{62F5E637-3C0D-406A-A3A1-03F09244C8A5}.Release|Any CPU.ActiveCfg = Release|Any CPU
		{62F5E637-3C0D-406A-A3A1-03F09244C8A5}.Release|Any CPU.Build.0 = Release|Any CPU
	EndGlobalSection
	GlobalSection(SolutionProperties) = preSolution
		HideSolutionNode = FALSE
	EndGlobalSection
EndGlobal
